
Microsoft Visual Studio Solution File, Format Version 12.00
# Visual Studio 15
VisualStudioVersion = 15.0.27428.2015
MinimumVisualStudioVersion = 10.0.40219.1
Project("{FAE04EC0-301F-11D3-BF4B-00C04F79EFBC}") = "ObserverDesignPattern", "ObserverDesignPattern\ObserverDesignPattern.csproj", "{22B0AC71-69C7-460B-BAE5-B226513257C1}"
EndProject
Global
	GlobalSection(SolutionConfigurationPlatforms) = preSolution
		Debug|Any CPU = Debug|Any CPU
		Release|Any CPU = Release|Any CPU
	EndGlobalSection
	GlobalSection(ProjectConfigurationPlatforms) = postSolution
		{22B0AC71-69C7-460B-BAE5-B226513257C1}.Debug|Any CPU.ActiveCfg = Debug|Any CPU
		{22B0AC71-69C7-460B-BAE5-B226513257C1}.Debug|Any CPU.Build.0 = Debug|Any CPU
		{22B0AC71-69C7-460B-BAE5-B226513257C1}.Release|Any CPU.ActiveCfg = Release|Any CPU
		{22B0AC71-69C7-460B-BAE5-B226513257C1}.Release|Any CPU.Build.0 = Release|Any CPU
	EndGlobalSection
	GlobalSection(SolutionProperties) = preSolution
		HideSolutionNode = FALSE
	EndGlobalSection
	GlobalSection(ExtensibilityGlobals) = postSolution
		SolutionGuid = {035D5B12-B794-4B6C-A799-DE263364D2C1}
	EndGlobalSection
EndGlobal
